Microsoft Visual Studio Solution File, Format Version 12.00
# Visual Studio 15
VisualStudioVersion = 15.0.26124.0
MinimumVisualStudioVersion = 15.0.26124.0
Project("{2150E333-8FDC-42A3-9474-1A3956D46DE8}") = "src", "src", "{9796A282-E20D-4AB6-9E51-7E2835014A6D}"
EndProject
Project("{9A19103F-16F7-4668-BE54-9A1E7A4F7556}") = "AWSXRayRecorder.Handlers.ServiceModel", "src\AWSXRayRecorder.Handlers.ServiceModel\AWSXRayRecorder.Handlers.ServiceModel.csproj", "{779872AF-D2B5-4BF9-96E7-C74787150CCD}"
EndProject
Project("{2150E333-8FDC-42A3-9474-1A3956D46DE8}") = "samples", "samples", "{374B5266-6FF0-46A9-A3C8-E5B316CB729A}"
EndProject
Project("{2150E333-8FDC-42A3-9474-1A3956D46DE8}") = "Service", "Service", "{2722F768-122C-4A56-9431-9CF4EF2BAADF}"
EndProject
Project("{9A19103F-16F7-4668-BE54-9A1E7A4F7556}") = "NetFxInline", "samples\Service\NetFxInline\NetFxInline.csproj", "{62DA4329-F3AF-4362-92DF-C4BA85F1D4DE}"
EndProject
Project("{9A19103F-16F7-4668-BE54-9A1E7A4F7556}") = "NetFxAttribute", "samples\Service\NetFxAttribute\NetFxAttribute.csproj", "{8DBC2901-6FC8-46E6-93A7-00D73F333964}"
EndProject
Project("{9A19103F-16F7-4668-BE54-9A1E7A4F7556}") = "NetFxConfiguration", "samples\Service\NetFxConfiguration\NetFxConfiguration.csproj", "{3E24F241-3ED7-468D-A07D-BD2C8FD2E772}"
EndProject
Project("{2150E333-8FDC-42A3-9474-1A3956D46DE8}") = "Client", "Client", "{8F1ECA33-BAD7-4A60-A0A0-6955CD448EFC}"
EndProject
Project("{9A19103F-16F7-4668-BE54-9A1E7A4F7556}") = "NetCoreInline", "samples\Client\NetCoreInline\NetCoreInline.csproj", "{866C9519-5232-4B9E-81EA-CB3FF4FE4F15}"
	ProjectSection(ProjectDependencies) = postProject
		{779872AF-D2B5-4BF9-96E7-C74787150CCD} = {779872AF-D2B5-4BF9-96E7-C74787150CCD}
	EndProjectSection
EndProject
Project("{9A19103F-16F7-4668-BE54-9A1E7A4F7556}") = "NetFxConfiguration", "samples\Client\NetFxConfiguration\NetFxConfiguration.csproj", "{7BBA7332-F4CD-469D-925D-7E23D2FAD469}"
	ProjectSection(ProjectDependencies) = postProject
		{779872AF-D2B5-4BF9-96E7-C74787150CCD} = {779872AF-D2B5-4BF9-96E7-C74787150CCD}
	EndProjectSection
EndProject
Project("{9A19103F-16F7-4668-BE54-9A1E7A4F7556}") = "NetFxInline", "samples\Client\NetFxInline\NetFxInline.csproj", "{AC40CD40-116B-4CB6-958E-3848667D39FB}"
	ProjectSection(ProjectDependencies) = postProject
		{866C9519-5232-4B9E-81EA-CB3FF4FE4F15} = {866C9519-5232-4B9E-81EA-CB3FF4FE4F15}
	EndProjectSection
EndProject
Project("{9A19103F-16F7-4668-BE54-9A1E7A4F7556}") = "Contracts", "samples\Contracts\Contracts.csproj", "{80BC93E6-93C6-4030-987A-2C08B508F681}"
EndProject
Project("{9A19103F-16F7-4668-BE54-9A1E7A4F7556}") = "NetCoreScaffolding", "samples\Client\NetCoreScaffolding\NetCoreScaffolding.csproj", "{834B91E2-D05C-45A2-869B-AFD6431355BC}"
EndProject
Global
	GlobalSection(SolutionConfigurationPlatforms) = preSolution
		Debug|Any CPU = Debug|Any CPU
		Debug|x64 = Debug|x64
		Debug|x86 = Debug|x86
		Release|Any CPU = Release|Any CPU
		Release|x64 = Release|x64
		Release|x86 = Release|x86
	EndGlobalSection
	GlobalSection(ProjectConfigurationPlatforms) = postSolution
		{779872AF-D2B5-4BF9-96E7-C74787150CCD}.Debug|Any CPU.ActiveCfg = Debug|Any CPU
		{779872AF-D2B5-4BF9-96E7-C74787150CCD}.Debug|Any CPU.Build.0 = Debug|Any CPU
		{779872AF-D2B5-4BF9-96E7-C74787150CCD}.Debug|x64.ActiveCfg = Debug|Any CPU
		{779872AF-D2B5-4BF9-96E7-C74787150CCD}.Debug|x64.Build.0 = Debug|Any CPU
		{779872AF-D2B5-4BF9-96E7-C74787150CCD}.Debug|x86.ActiveCfg = Debug|Any CPU
		{779872AF-D2B5-4BF9-96E7-C74787150CCD}.Debug|x86.Build.0 = Debug|Any CPU
		{779872AF-D2B5-4BF9-96E7-C74787150CCD}.Release|Any CPU.ActiveCfg = Release|Any CPU
		{779872AF-D2B5-4BF9-96E7-C74787150CCD}.Release|Any CPU.Build.0 = Release|Any CPU
		{779872AF-D2B5-4BF9-96E7-C74787150CCD}.Release|x64.ActiveCfg = Release|Any CPU
		{779872AF-D2B5-4BF9-96E7-C74787150CCD}.Release|x64.Build.0 = Release|Any CPU
		{779872AF-D2B5-4BF9-96E7-C74787150CCD}.Release|x86.ActiveCfg = Release|Any CPU
		{779872AF-D2B5-4BF9-96E7-C74787150CCD}.Release|x86.Build.0 = Release|Any CPU
		{62DA4329-F3AF-4362-92DF-C4BA85F1D4DE}.Debug|Any CPU.ActiveCfg = Debug|Any CPU
		{62DA4329-F3AF-4362-92DF-C4BA85F1D4DE}.Debug|Any CPU.Build.0 = Debug|Any CPU
		{62DA4329-F3AF-4362-92DF-C4BA85F1D4DE}.Debug|x64.ActiveCfg = Debug|Any CPU
		{62DA4329-F3AF-4362-92DF-C4BA85F1D4DE}.Debug|x64.Build.0 = Debug|Any CPU
		{62DA4329-F3AF-4362-92DF-C4BA85F1D4DE}.Debug|x86.ActiveCfg = Debug|Any CPU
		{62DA4329-F3AF-4362-92DF-C4BA85F1D4DE}.Debug|x86.Build.0 = Debug|Any CPU
		{62DA4329-F3AF-4362-92DF-C4BA85F1D4DE}.Release|Any CPU.ActiveCfg = Release|Any CPU
		{62DA4329-F3AF-4362-92DF-C4BA85F1D4DE}.Release|Any CPU.Build.0 = Release|Any CPU
		{62DA4329-F3AF-4362-92DF-C4BA85F1D4DE}.Release|x64.ActiveCfg = Release|Any CPU
		{62DA4329-F3AF-4362-92DF-C4BA85F1D4DE}.Release|x64.Build.0 = Release|Any CPU
		{62DA4329-F3AF-4362-92DF-C4BA85F1D4DE}.Release|x86.ActiveCfg = Release|Any CPU
		{62DA4329-F3AF-4362-92DF-C4BA85F1D4DE}.Release|x86.Build.0 = Release|Any CPU
		{8DBC2901-6FC8-46E6-93A7-00D73F333964}.Debug|Any CPU.ActiveCfg = Debug|Any CPU
		{8DBC2901-6FC8-46E6-93A7-00D73F333964}.Debug|Any CPU.Build.0 = Debug|Any CPU
		{8DBC2901-6FC8-46E6-93A7-00D73F333964}.Debug|x64.ActiveCfg = Debug|Any CPU
		{8DBC2901-6FC8-46E6-93A7-00D73F333964}.Debug|x64.Build.0 = Debug|Any CPU
		{8DBC2901-6FC8-46E6-93A7-00D73F333964}.Debug|x86.ActiveCfg = Debug|Any CPU
		{8DBC2901-6FC8-46E6-93A7-00D73F333964}.Debug|x86.Build.0 = Debug|Any CPU
		{8DBC2901-6FC8-46E6-93A7-00D73F333964}.Release|Any CPU.ActiveCfg = Release|Any CPU
		{8DBC2901-6FC8-46E6-93A7-00D73F333964}.Release|Any CPU.Build.0 = Release|Any CPU
		{8DBC2901-6FC8-46E6-93A7-00D73F333964}.Release|x64.ActiveCfg = Release|Any CPU
		{8DBC2901-6FC8-46E6-93A7-00D73F333964}.Release|x64.Build.0 = Release|Any CPU
		{8DBC2901-6FC8-46E6-93A7-00D73F333964}.Release|x86.ActiveCfg = Release|Any CPU
		{8DBC2901-6FC8-46E6-93A7-00D73F333964}.Release|x86.Build.0 = Release|Any CPU
		{3E24F241-3ED7-468D-A07D-BD2C8FD2E772}.Debug|Any CPU.ActiveCfg = Debug|Any CPU
		{3E24F241-3ED7-468D-A07D-BD2C8FD2E772}.Debug|Any CPU.Build.0 = Debug|Any CPU
		{3E24F241-3ED7-468D-A07D-BD2C8FD2E772}.Debug|x64.ActiveCfg = Debug|Any CPU
		{3E24F241-3ED7-468D-A07D-BD2C8FD2E772}.Debug|x64.Build.0 = Debug|Any CPU
		{3E24F241-3ED7-468D-A07D-BD2C8FD2E772}.Debug|x86.ActiveCfg = Debug|Any CPU
		{3E24F241-3ED7-468D-A07D-BD2C8FD2E772}.Debug|x86.Build.0 = Debug|Any CPU
		{3E24F241-3ED7-468D-A07D-BD2C8FD2E772}.Release|Any CPU.ActiveCfg = Release|Any CPU
		{3E24F241-3ED7-468D-A07D-BD2C8FD2E772}.Release|Any CPU.Build.0 = Release|Any CPU
		{3E24F241-3ED7-468D-A07D-BD2C8FD2E772}.Release|x64.ActiveCfg = Release|Any CPU
		{3E24F241-3ED7-468D-A07D-BD2C8FD2E772}.Release|x64.Build.0 = Release|Any CPU
		{3E24F241-3ED7-468D-A07D-BD2C8FD2E772}.Release|x86.ActiveCfg = Release|Any CPU
		{3E24F241-3ED7-468D-A07D-BD2C8FD2E772}.Release|x86.Build.0 = Release|Any CPU
		{866C9519-5232-4B9E-81EA-CB3FF4FE4F15}.Debug|Any CPU.ActiveCfg = Debug|Any CPU
		{866C9519-5232-4B9E-81EA-CB3FF4FE4F15}.Debug|Any CPU.Build.0 = Debug|Any CPU
		{866C9519-5232-4B9E-81EA-CB3FF4FE4F15}.Debug|x64.ActiveCfg = Debug|Any CPU
		{866C9519-5232-4B9E-81EA-CB3FF4FE4F15}.Debug|x64.Build.0 = Debug|Any CPU
		{866C9519-5232-4B9E-81EA-CB3FF4FE4F15}.Debug|x86.ActiveCfg = Debug|Any CPU
		{866C9519-5232-4B9E-81EA-CB3FF4FE4F15}.Debug|x86.Build.0 = Debug|Any CPU
		{866C9519-5232-4B9E-81EA-CB3FF4FE4F15}.Release|Any CPU.ActiveCfg = Release|Any CPU
		{866C9519-5232-4B9E-81EA-CB3FF4FE4F15}.Release|Any CPU.Build.0 = Release|Any CPU
		{866C9519-5232-4B9E-81EA-CB3FF4FE4F15}.Release|x64.ActiveCfg = Release|Any CPU
		{866C9519-5232-4B9E-81EA-CB3FF4FE4F15}.Release|x64.Build.0 = Release|Any CPU
		{866C9519-5232-4B9E-81EA-CB3FF4FE4F15}.Release|x86.ActiveCfg = Release|Any CPU
		{866C9519-5232-4B9E-81EA-CB3FF4FE4F15}.Release|x86.Build.0 = Release|Any CPU
		{7BBA7332-F4CD-469D-925D-7E23D2FAD469}.Debug|Any CPU.ActiveCfg = Debug|Any CPU
		{7BBA7332-F4CD-469D-925D-7E23D2FAD469}.Debug|Any CPU.Build.0 = Debug|Any CPU
		{7BBA7332-F4CD-469D-925D-7E23D2FAD469}.Debug|x64.ActiveCfg = Debug|Any CPU
		{7BBA7332-F4CD-469D-925D-7E23D2FAD469}.Debug|x64.Build.0 = Debug|Any CPU
		{7BBA7332-F4CD-469D-925D-7E23D2FAD469}.Debug|x86.ActiveCfg = Debug|Any CPU
		{7BBA7332-F4CD-469D-925D-7E23D2FAD469}.Debug|x86.Build.0 = Debug|Any CPU
		{7BBA7332-F4CD-469D-925D-7E23D2FAD469}.Release|Any CPU.ActiveCfg = Release|Any CPU
		{7BBA7332-F4CD-469D-925D-7E23D2FAD469}.Release|Any CPU.Build.0 = Release|Any CPU
		{7BBA7332-F4CD-469D-925D-7E23D2FAD469}.Release|x64.ActiveCfg = Release|Any CPU
		{7BBA7332-F4CD-469D-925D-7E23D2FAD469}.Release|x64.Build.0 = Release|Any CPU
		{7BBA7332-F4CD-469D-925D-7E23D2FAD469}.Release|x86.ActiveCfg = Release|Any CPU
		{7BBA7332-F4CD-469D-925D-7E23D2FAD469}.Release|x86.Build.0 = Release|Any CPU
		{AC40CD40-116B-4CB6-958E-3848667D39FB}.Debug|Any CPU.ActiveCfg = Debug|Any CPU
		{AC40CD40-116B-4CB6-958E-3848667D39FB}.Debug|Any CPU.Build.0 = Debug|Any CPU
		{AC40CD40-116B-4CB6-958E-3848667D39FB}.Debug|x64.ActiveCfg = Debug|Any CPU
		{AC40CD40-116B-4CB6-958E-3848667D39FB}.Debug|x64.Build.0 = Debug|Any CPU
		{AC40CD40-116B-4CB6-958E-3848667D39FB}.Debug|x86.ActiveCfg = Debug|Any CPU
		{AC40CD40-116B-4CB6-958E-3848667D39FB}.Debug|x86.Build.0 = Debug|Any CPU
		{AC40CD40-116B-4CB6-958E-3848667D39FB}.Release|Any CPU.ActiveCfg = Release|Any CPU
		{AC40CD40-116B-4CB6-958E-3848667D39FB}.Release|Any CPU.Build.0 = Release|Any CPU
		{AC40CD40-116B-4CB6-958E-3848667D39FB}.Release|x64.ActiveCfg = Release|Any CPU
		{AC40CD40-116B-4CB6-958E-3848667D39FB}.Release|x64.Build.0 = Release|Any CPU
		{AC40CD40-116B-4CB6-958E-3848667D39FB}.Release|x86.ActiveCfg = Release|Any CPU
		{AC40CD40-116B-4CB6-958E-3848667D39FB}.Release|x86.Build.0 = Release|Any CPU
		{80BC93E6-93C6-4030-987A-2C08B508F681}.Debug|Any CPU.ActiveCfg = Debug|Any CPU
		{80BC93E6-93C6-4030-987A-2C08B508F681}.Debug|Any CPU.Build.0 = Debug|Any CPU
		{80BC93E6-93C6-4030-987A-2C08B508F681}.Debug|x64.ActiveCfg = Debug|Any CPU
		{80BC93E6-93C6-4030-987A-2C08B508F681}.Debug|x64.Build.0 = Debug|Any CPU
		{80BC93E6-93C6-4030-987A-2C08B508F681}.Debug|x86.ActiveCfg = Debug|Any CPU
		{80BC93E6-93C6-4030-987A-2C08B508F681}.Debug|x86.Build.0 = Debug|Any CPU
		{80BC93E6-93C6-4030-987A-2C08B508F681}.Release|Any CPU.ActiveCfg = Release|Any CPU
		{80BC93E6-93C6-4030-987A-2C08B508F681}.Release|Any CPU.Build.0 = Release|Any CPU
		{80BC93E6-93C6-4030-987A-2C08B508F681}.Release|x64.ActiveCfg = Release|Any CPU
		{80BC93E6-93C6-4030-987A-2C08B508F681}.Release|x64.Build.0 = Release|Any CPU
		{80BC93E6-93C6-4030-987A-2C08B508F681}.Release|x86.ActiveCfg = Release|Any CPU
		{80BC93E6-93C6-4030-987A-2C08B508F681}.Release|x86.Build.0 = Release|Any CPU
		{834B91E2-D05C-45A2-869B-AFD6431355BC}.Debug|Any CPU.ActiveCfg = Debug|Any CPU
		{834B91E2-D05C-45A2-869B-AFD6431355BC}.Debug|Any CPU.Build.0 = Debug|Any CPU
		{834B91E2-D05C-45A2-869B-AFD6431355BC}.Debug|x64.ActiveCfg = Debug|Any CPU
		{834B91E2-D05C-45A2-869B-AFD6431355BC}.Debug|x64.Build.0 = Debug|Any CPU
		{834B91E2-D05C-45A2-869B-AFD6431355BC}.Debug|x86.ActiveCfg = Debug|Any CPU
		{834B91E2-D05C-45A2-869B-AFD6431355BC}.Debug|x86.Build.0 = Debug|Any CPU
		{834B91E2-D05C-45A2-869B-AFD6431355BC}.Release|Any CPU.ActiveCfg = Release|Any CPU
		{834B91E2-D05C-45A2-869B-AFD6431355BC}.Release|Any CPU.Build.0 = Release|Any CPU
		{834B91E2-D05C-45A2-869B-AFD6431355BC}.Release|x64.ActiveCfg = Release|Any CPU
		{834B91E2-D05C-45A2-869B-AFD6431355BC}.Release|x64.Build.0 = Release|Any CPU
		{834B91E2-D05C-45A2-869B-AFD6431355BC}.Release|x86.ActiveCfg = Release|Any CPU
		{834B91E2-D05C-45A2-869B-AFD6431355BC}.Release|x86.Build.0 = Release|Any CPU
	EndGlobalSection
	GlobalSection(SolutionProperties) = preSolution
		HideSolutionNode = FALSE
	EndGlobalSection
	GlobalSection(NestedProjects) = preSolution
		{779872AF-D2B5-4BF9-96E7-C74787150CCD} = {9796A282-E20D-4AB6-9E51-7E2835014A6D}
		{2722F768-122C-4A56-9431-9CF4EF2BAADF} = {374B5266-6FF0-46A9-A3C8-E5B316CB729A}
		{62DA4329-F3AF-4362-92DF-C4BA85F1D4DE} = {2722F768-122C-4A56-9431-9CF4EF2BAADF}
		{8DBC2901-6FC8-46E6-93A7-00D73F333964} = {2722F768-122C-4A56-9431-9CF4EF2BAADF}
		{3E24F241-3ED7-468D-A07D-BD2C8FD2E772} = {2722F768-122C-4A56-9431-9CF4EF2BAADF}
		{8F1ECA33-BAD7-4A60-A0A0-6955CD448EFC} = {374B5266-6FF0-46A9-A3C8-E5B316CB729A}
		{866C9519-5232-4B9E-81EA-CB3FF4FE4F15} = {8F1ECA33-BAD7-4A60-A0A0-6955CD448EFC}
		{7BBA7332-F4CD-469D-925D-7E23D2FAD469} = {8F1ECA33-BAD7-4A60-A0A0-6955CD448EFC}
		{AC40CD40-116B-4CB6-958E-3848667D39FB} = {8F1ECA33-BAD7-4A60-A0A0-6955CD448EFC}
		{80BC93E6-93C6-4030-987A-2C08B508F681} = {374B5266-6FF0-46A9-A3C8-E5B316CB729A}
		{834B91E2-D05C-45A2-869B-AFD6431355BC} = {8F1ECA33-BAD7-4A60-A0A0-6955CD448EFC}
	EndGlobalSection
	GlobalSection(ExtensibilityGlobals) = postSolution
		SolutionGuid = {C1FE73A8-A9B6-4500-AED6-8D7238D732FD}
	EndGlobalSection
EndGlobal
